
Microsoft Visual Studio Solution File, Format Version 12.00
# Visual Studio Version 16
VisualStudioVersion = 16.0.30907.101
MinimumVisualStudioVersion = 10.0.40219.1
Project("{9A19103F-16F7-4668-BE54-9A1E7A4F7556}") = "KampIntro", "KampIntro\KampIntro.csproj", "{C948C5C5-A897-4DDC-A901-69FA4E81EE20}"
EndProject
Project("{9A19103F-16F7-4668-BE54-9A1E7A4F7556}") = "Donguler", "..\Donguler\Donguler.csproj", "{E7FD65D0-BC69-4A2C-BAC0-7CCDA5DFC1B3}"
EndProject
Project("{9A19103F-16F7-4668-BE54-9A1E7A4F7556}") = "ClassIntro", "ClassIntro\ClassIntro.csproj", "{8562461A-7D79-40D6-9197-CFC937511FFD}"
EndProject
Project("{9A19103F-16F7-4668-BE54-9A1E7A4F7556}") = "Metotlar", "Metotlar\Metotlar.csproj", "{A9003E0E-26BA-491F-8DDE-854A0E3E3777}"
EndProject
Project("{9A19103F-16F7-4668-BE54-9A1E7A4F7556}") = "Matematik", "Matematik\Matematik.csproj", "{B065FCB5-FAA4-4FCF-9664-453C162FA3C6}"
EndProject
Project("{9A19103F-16F7-4668-BE54-9A1E7A4F7556}") = "DegerVeReferansTipler", "DegerVeReferansTipler\DegerVeReferansTipler.csproj", "{DCAD0C5B-79C3-4D32-AAD4-2E03CE18C3BB}"
EndProject
Project("{9A19103F-16F7-4668-BE54-9A1E7A4F7556}") = "OOP1", "OOP1\OOP1.csproj", "{E58BAA51-E8BE-46CB-9AFE-A8DDE7FBABC8}"
EndProject
Project("{9A19103F-16F7-4668-BE54-9A1E7A4F7556}") = "Koleksiyonlar", "Koleksiyonlar\Koleksiyonlar.csproj", "{9503963A-A0FA-48C0-8AC7-ADEC1CC984B8}"
EndProject
Project("{9A19103F-16F7-4668-BE54-9A1E7A4F7556}") = "GenericsIntro", "GenericsIntro\GenericsIntro.csproj", "{924B4755-FC70-4981-A48F-3E6456073F5B}"
EndProject
Project("{9A19103F-16F7-4668-BE54-9A1E7A4F7556}") = "OOP2", "OOP2\OOP2.csproj", "{7B0E3121-F9A5-408B-9EBB-CE1EDE8F77AE}"
EndProject
Project("{FAE04EC0-301F-11D3-BF4B-00C04F79EFBC}") = "OOP3", "OOP3\OOP3.csproj", "{9842F2B9-85A6-408E-8599-EF31071D6830}"
EndProject
Global
	GlobalSection(SolutionConfigurationPlatforms) = preSolution
		Debug|Any CPU = Debug|Any CPU
		Release|Any CPU = Release|Any CPU
	EndGlobalSection
	GlobalSection(ProjectConfigurationPlatforms) = postSolution
		{C948C5C5-A897-4DDC-A901-69FA4E81EE20}.Debug|Any CPU.ActiveCfg = Debug|Any CPU
		{C948C5C5-A897-4DDC-A901-69FA4E81EE20}.Debug|Any CPU.Build.0 = Debug|Any CPU
		{C948C5C5-A897-4DDC-A901-69FA4E81EE20}.Release|Any CPU.ActiveCfg = Release|Any CPU
		{C948C5C5-A897-4DDC-A901-69FA4E81EE20}.Release|Any CPU.Build.0 = Release|Any CPU
		{E7FD65D0-BC69-4A2C-BAC0-7CCDA5DFC1B3}.Debug|Any CPU.ActiveCfg = Debug|Any CPU
		{E7FD65D0-BC69-4A2C-BAC0-7CCDA5DFC1B3}.Debug|Any CPU.Build.0 = Debug|Any CPU
		{E7FD65D0-BC69-4A2C-BAC0-7CCDA5DFC1B3}.Release|Any CPU.ActiveCfg = Release|Any CPU
		{E7FD65D0-BC69-4A2C-BAC0-7CCDA5DFC1B3}.Release|Any CPU.Build.0 = Release|Any CPU
		{8562461A-7D79-40D6-9197-CFC937511FFD}.Debug|Any CPU.ActiveCfg = Debug|Any CPU
		{8562461A-7D79-40D6-9197-CFC937511FFD}.Debug|Any CPU.Build.0 = Debug|Any CPU
		{8562461A-7D79-40D6-9197-CFC937511FFD}.Release|Any CPU.ActiveCfg = Release|Any CPU
		{8562461A-7D79-40D6-9197-CFC937511FFD}.Release|Any CPU.Build.0 = Release|Any CPU
		{A9003E0E-26BA-491F-8DDE-854A0E3E3777}.Debug|Any CPU.ActiveCfg = Debug|Any CPU
		{A9003E0E-26BA-491F-8DDE-854A0E3E3777}.Debug|Any CPU.Build.0 = Debug|Any CPU
		{A9003E0E-26BA-491F-8DDE-854A0E3E3777}.Release|Any CPU.ActiveCfg = Release|Any CPU
		{A9003E0E-26BA-491F-8DDE-854A0E3E3777}.Release|Any CPU.Build.0 = Release|Any CPU
		{B065FCB5-FAA4-4FCF-9664-453C162FA3C6}.Debug|Any CPU.ActiveCfg = Debug|Any CPU
		{B065FCB5-FAA4-4FCF-9664-453C162FA3C6}.Debug|Any CPU.Build.0 = Debug|Any CPU
		{B065FCB5-FAA4-4FCF-9664-453C162FA3C6}.Release|Any CPU.ActiveCfg = Release|Any CPU
		{B065FCB5-FAA4-4FCF-9664-453C162FA3C6}.Release|Any CPU.Build.0 = Release|Any CPU
		{DCAD0C5B-79C3-4D32-AAD4-2E03CE18C3BB}.Debug|Any CPU.ActiveCfg = Debug|Any CPU
		{DCAD0C5B-79C3-4D32-AAD4-2E03CE18C3BB}.Debug|Any CPU.Build.0 = Debug|Any CPU
		{DCAD0C5B-79C3-4D32-AAD4-2E03CE18C3BB}.Release|Any CPU.ActiveCfg = Release|Any CPU
		{DCAD0C5B-79C3-4D32-AAD4-2E03CE18C3BB}.Release|Any CPU.Build.0 = Release|Any CPU
		{E58BAA51-E8BE-46CB-9AFE-A8DDE7FBABC8}.Debug|Any CPU.ActiveCfg = Debug|Any CPU
		{E58BAA51-E8BE-46CB-9AFE-A8DDE7FBABC8}.Debug|Any CPU.Build.0 = Debug|Any CPU
		{E58BAA51-E8BE-46CB-9AFE-A8DDE7FBABC8}.Release|Any CPU.ActiveCfg = Release|Any CPU
		{E58BAA51-E8BE-46CB-9AFE-A8DDE7FBABC8}.Release|Any CPU.Build.0 = Release|Any CPU
		{9503963A-A0FA-48C0-8AC7-ADEC1CC984B8}.Debug|Any CPU.ActiveCfg = Debug|Any CPU
		{9503963A-A0FA-48C0-8AC7-ADEC1CC984B8}.Debug|Any CPU.Build.0 = Debug|Any CPU
		{9503963A-A0FA-48C0-8AC7-ADEC1CC984B8}.Release|Any CPU.ActiveCfg = Release|Any CPU
		{9503963A-A0FA-48C0-8AC7-ADEC1CC984B8}.Release|Any CPU.Build.0 = Release|Any CPU
		{924B4755-FC70-4981-A48F-3E6456073F5B}.Debug|Any CPU.ActiveCfg = Debug|Any CPU
		{924B4755-FC70-4981-A48F-3E6456073F5B}.Debug|Any CPU.Build.0 = Debug|Any CPU
		{924B4755-FC70-4981-A48F-3E6456073F5B}.Release|Any CPU.ActiveCfg = Release|Any CPU
		{924B4755-FC70-4981-A48F-3E6456073F5B}.Release|Any CPU.Build.0 = Release|Any CPU
		{7B0E3121-F9A5-408B-9EBB-CE1EDE8F77AE}.Debug|Any CPU.ActiveCfg = Debug|Any CPU
		{7B0E3121-F9A5-408B-9EBB-CE1EDE8F77AE}.Debug|Any CPU.Build.0 = Debug|Any CPU
		{7B0E3121-F9A5-408B-9EBB-CE1EDE8F77AE}.Release|Any CPU.ActiveCfg = Release|Any CPU
		{7B0E3121-F9A5-408B-9EBB-CE1EDE8F77AE}.Release|Any CPU.Build.0 = Release|Any CPU
		{9842F2B9-85A6-408E-8599-EF31071D6830}.Debug|Any CPU.ActiveCfg = Debug|Any CPU
		{9842F2B9-85A6-408E-8599-EF31071D6830}.Debug|Any CPU.Build.0 = Debug|Any CPU
		{9842F2B9-85A6-408E-8599-EF31071D6830}.Release|Any CPU.ActiveCfg = Release|Any CPU
		{9842F2B9-85A6-408E-8599-EF31071D6830}.Release|Any CPU.Build.0 = Release|Any CPU
	EndGlobalSection
	GlobalSection(SolutionProperties) = preSolution
		HideSolutionNode = FALSE
	EndGlobalSection
	GlobalSection(ExtensibilityGlobals) = postSolution
		SolutionGuid = {F1F773A2-017F-4755-A4F3-5124C1B2281A}
	EndGlobalSection
EndGlobal
