
Microsoft Visual Studio Solution File, Format Version 12.00
# Visual Studio Version 16
VisualStudioVersion = 16.0.31205.134
MinimumVisualStudioVersion = 10.0.40219.1
Project("{FAE04EC0-301F-11D3-BF4B-00C04F79EFBC}") = "UcuncuGunOdev3", "UcuncuGunOdev3\UcuncuGunOdev3.csproj", "{B8CDC94A-1A6F-4B69-97E9-D3605F832437}"
EndProject
Global
	GlobalSection(SolutionConfigurationPlatforms) = preSolution
		Debug|Any CPU = Debug|Any CPU
		Release|Any CPU = Release|Any CPU
	EndGlobalSection
	GlobalSection(ProjectConfigurationPlatforms) = postSolution
		{B8CDC94A-1A6F-4B69-97E9-D3605F832437}.Debug|Any CPU.ActiveCfg = Debug|Any CPU
		{B8CDC94A-1A6F-4B69-97E9-D3605F832437}.Debug|Any CPU.Build.0 = Debug|Any CPU
		{B8CDC94A-1A6F-4B69-97E9-D3605F832437}.Release|Any CPU.ActiveCfg = Release|Any CPU
		{B8CDC94A-1A6F-4B69-97E9-D3605F832437}.Release|Any CPU.Build.0 = Release|Any CPU
	EndGlobalSection
	GlobalSection(SolutionProperties) = preSolution
		HideSolutionNode = FALSE
	EndGlobalSection
	GlobalSection(ExtensibilityGlobals) = postSolution
		SolutionGuid = {B02A6E85-E916-42E6-9C4A-EA0951A4FB40}
	EndGlobalSection
EndGlobal
